# THIS IS AN AUTOGENERATED FILE. DO NOT EDIT THIS FILE DIRECTLY.
# yarn lockfile v1


gmc-linux-x86@^2.0.0-alpha1:
  version "2.0.0-alpha1"
  resolved "https://registry.yarnpkg.com/gmc-linux-x86/-/gmc-linux-x86-2.0.0-alpha1.tgz#48aec6134307606d9a4c014075e2a26b1f4e2dba"

gmc-linux@^2.0.0-alpha1:
  version "2.0.0-alpha1"
  resolved "https://registry.yarnpkg.com/gmc-linux/-/gmc-linux-2.0.0-alpha1.tgz#634bacb636ffd9b713132ea12636fc11a4e25e88"

gmc-windows-x86@^2.0.0-alpha1:
  version "2.0.0-alpha1"
  resolved "https://registry.yarnpkg.com/gmc-windows-x86/-/gmc-windows-x86-2.0.0-alpha1.tgz#795447851ec5d815cce3cef95221c3907a255429"

gmc-windows@^2.0.0-alpha1:
  version "2.0.0-alpha1"
  resolved "https://registry.yarnpkg.com/gmc-windows/-/gmc-windows-2.0.0-alpha1.tgz#6b9fe5d2a0c8686f4200f1bfdc07a69ba84c6703"
